
Microsoft Visual Studio Solution File, Format Version 12.00
# Visual Studio Version 16
VisualStudioVersion = 16.0.29613.14
MinimumVisualStudioVersion = 10.0.40219.1
Project("{8BC9CEB8-8B4A-11D0-8D11-00A0C91BC942}") = "d912pxy", "d912pxy\d912pxy.vcxproj", "{C5692CFC-8085-429F-AB8F-53E282189AB6}"
	ProjectSection(ProjectDependencies) = postProject
		{25B1AEC5-FF79-475B-AFA2-1936B7797005} = {25B1AEC5-FF79-475B-AFA2-1936B7797005}
	EndProjectSection
EndProject
Project("{8BC9CEB8-8B4A-11D0-8D11-00A0C91BC942}") = "P7ClientLib", "thirdparty\p7logger\Sources\P7ClientLib.vcxproj", "{25B1AEC5-FF79-475B-AFA2-1936B7797005}"
EndProject
Project("{8BC9CEB8-8B4A-11D0-8D11-00A0C91BC942}") = "installer", "installer\installer.vcxproj", "{F1D2D374-6C3B-401F-9043-3297F7C3510A}"
EndProject
Project("{8BC9CEB8-8B4A-11D0-8D11-00A0C91BC942}") = "gw2_addon", "gw2_addon\gw2_addon.vcxproj", "{BDCB35C3-8ED9-4A6E-A346-D16F17D4600C}"
EndProject
Global
	GlobalSection(SolutionConfigurationPlatforms) = preSolution
		Debug|x64 = Debug|x64
		Debug|x86 = Debug|x86
		Release_avx|x64 = Release_avx|x64
		Release_avx|x86 = Release_avx|x86
		Release_avx2|x64 = Release_avx2|x64
		Release_avx2|x86 = Release_avx2|x86
		Release_d|x64 = Release_d|x64
		Release_d|x86 = Release_d|x86
		Release_pp|x64 = Release_pp|x64
		Release_pp|x86 = Release_pp|x86
		Release|x64 = Release|x64
		Release|x86 = Release|x86
	EndGlobalSection
	GlobalSection(ProjectConfigurationPlatforms) = postSolution
		{C5692CFC-8085-429F-AB8F-53E282189AB6}.Debug|x64.ActiveCfg = Debug|x64
		{C5692CFC-8085-429F-AB8F-53E282189AB6}.Debug|x64.Build.0 = Debug|x64
		{C5692CFC-8085-429F-AB8F-53E282189AB6}.Debug|x86.ActiveCfg = Debug|Win32
		{C5692CFC-8085-429F-AB8F-53E282189AB6}.Debug|x86.Build.0 = Debug|Win32
		{C5692CFC-8085-429F-AB8F-53E282189AB6}.Release_avx|x64.ActiveCfg = Release_avx|x64
		{C5692CFC-8085-429F-AB8F-53E282189AB6}.Release_avx|x64.Build.0 = Release_avx|x64
		{C5692CFC-8085-429F-AB8F-53E282189AB6}.Release_avx|x86.ActiveCfg = Release_avx|Win32
		{C5692CFC-8085-429F-AB8F-53E282189AB6}.Release_avx|x86.Build.0 = Release_avx|Win32
		{C5692CFC-8085-429F-AB8F-53E282189AB6}.Release_avx2|x64.ActiveCfg = Release_avx2|x64
		{C5692CFC-8085-429F-AB8F-53E282189AB6}.Release_avx2|x64.Build.0 = Release_avx2|x64
		{C5692CFC-8085-429F-AB8F-53E282189AB6}.Release_avx2|x86.ActiveCfg = Release_avx2|Win32
		{C5692CFC-8085-429F-AB8F-53E282189AB6}.Release_avx2|x86.Build.0 = Release_avx2|Win32
		{C5692CFC-8085-429F-AB8F-53E282189AB6}.Release_d|x64.ActiveCfg = Release_d|x64
		{C5692CFC-8085-429F-AB8F-53E282189AB6}.Release_d|x64.Build.0 = Release_d|x64
		{C5692CFC-8085-429F-AB8F-53E282189AB6}.Release_d|x86.ActiveCfg = Release_d|Win32
		{C5692CFC-8085-429F-AB8F-53E282189AB6}.Release_d|x86.Build.0 = Release_d|Win32
		{C5692CFC-8085-429F-AB8F-53E282189AB6}.Release_pp|x64.ActiveCfg = Release_pp|x64
		{C5692CFC-8085-429F-AB8F-53E282189AB6}.Release_pp|x64.Build.0 = Release_pp|x64
		{C5692CFC-8085-429F-AB8F-53E282189AB6}.Release_pp|x86.ActiveCfg = Release_pp|Win32
		{C5692CFC-8085-429F-AB8F-53E282189AB6}.Release_pp|x86.Build.0 = Release_pp|Win32
		{C5692CFC-8085-429F-AB8F-53E282189AB6}.Release|x64.ActiveCfg = Release|x64
		{C5692CFC-8085-429F-AB8F-53E282189AB6}.Release|x64.Build.0 = Release|x64
		{C5692CFC-8085-429F-AB8F-53E282189AB6}.Release|x86.ActiveCfg = Release|Win32
		{C5692CFC-8085-429F-AB8F-53E282189AB6}.Release|x86.Build.0 = Release|Win32
		{25B1AEC5-FF79-475B-AFA2-1936B7797005}.Debug|x64.ActiveCfg = Debug|x64
		{25B1AEC5-FF79-475B-AFA2-1936B7797005}.Debug|x64.Build.0 = Debug|x64
		{25B1AEC5-FF79-475B-AFA2-1936B7797005}.Debug|x86.ActiveCfg = Debug|Win32
		{25B1AEC5-FF79-475B-AFA2-1936B7797005}.Debug|x86.Build.0 = Debug|Win32
		{25B1AEC5-FF79-475B-AFA2-1936B7797005}.Release_avx|x64.ActiveCfg = Release|x64
		{25B1AEC5-FF79-475B-AFA2-1936B7797005}.Release_avx|x86.ActiveCfg = Release|Win32
		{25B1AEC5-FF79-475B-AFA2-1936B7797005}.Release_avx2|x64.ActiveCfg = Release|x64
		{25B1AEC5-FF79-475B-AFA2-1936B7797005}.Release_avx2|x86.ActiveCfg = Debug|Win32
		{25B1AEC5-FF79-475B-AFA2-1936B7797005}.Release_d|x64.ActiveCfg = Release|x64
		{25B1AEC5-FF79-475B-AFA2-1936B7797005}.Release_d|x64.Build.0 = Release|x64
		{25B1AEC5-FF79-475B-AFA2-1936B7797005}.Release_d|x86.ActiveCfg = Release|Win32
		{25B1AEC5-FF79-475B-AFA2-1936B7797005}.Release_d|x86.Build.0 = Release|Win32
		{25B1AEC5-FF79-475B-AFA2-1936B7797005}.Release_pp|x64.ActiveCfg = Release|x64
		{25B1AEC5-FF79-475B-AFA2-1936B7797005}.Release_pp|x64.Build.0 = Release|x64
		{25B1AEC5-FF79-475B-AFA2-1936B7797005}.Release_pp|x86.ActiveCfg = Release|Win32
		{25B1AEC5-FF79-475B-AFA2-1936B7797005}.Release_pp|x86.Build.0 = Release|Win32
		{25B1AEC5-FF79-475B-AFA2-1936B7797005}.Release|x64.ActiveCfg = Release|x64
		{25B1AEC5-FF79-475B-AFA2-1936B7797005}.Release|x86.ActiveCfg = Release|Win32
		{F1D2D374-6C3B-401F-9043-3297F7C3510A}.Debug|x64.ActiveCfg = Debug|x64
		{F1D2D374-6C3B-401F-9043-3297F7C3510A}.Debug|x64.Build.0 = Debug|x64
		{F1D2D374-6C3B-401F-9043-3297F7C3510A}.Debug|x86.ActiveCfg = Debug|x64
		{F1D2D374-6C3B-401F-9043-3297F7C3510A}.Release_avx|x64.ActiveCfg = Release|x64
		{F1D2D374-6C3B-401F-9043-3297F7C3510A}.Release_avx|x86.ActiveCfg = Release|x64
		{F1D2D374-6C3B-401F-9043-3297F7C3510A}.Release_avx2|x64.ActiveCfg = Release|x64
		{F1D2D374-6C3B-401F-9043-3297F7C3510A}.Release_avx2|x86.ActiveCfg = Debug|x64
		{F1D2D374-6C3B-401F-9043-3297F7C3510A}.Release_d|x64.ActiveCfg = Release|x64
		{F1D2D374-6C3B-401F-9043-3297F7C3510A}.Release_d|x86.ActiveCfg = Debug|x64
		{F1D2D374-6C3B-401F-9043-3297F7C3510A}.Release_pp|x64.ActiveCfg = Release|x64
		{F1D2D374-6C3B-401F-9043-3297F7C3510A}.Release_pp|x86.ActiveCfg = Debug|x64
		{F1D2D374-6C3B-401F-9043-3297F7C3510A}.Release|x64.ActiveCfg = Release|x64
		{F1D2D374-6C3B-401F-9043-3297F7C3510A}.Release|x64.Build.0 = Release|x64
		{F1D2D374-6C3B-401F-9043-3297F7C3510A}.Release|x86.ActiveCfg = Release|x64
		{F1D2D374-6C3B-401F-9043-3297F7C3510A}.Release|x86.Build.0 = Release|x64
		{BDCB35C3-8ED9-4A6E-A346-D16F17D4600C}.Debug|x64.ActiveCfg = Debug|x64
		{BDCB35C3-8ED9-4A6E-A346-D16F17D4600C}.Debug|x64.Build.0 = Debug|x64
		{BDCB35C3-8ED9-4A6E-A346-D16F17D4600C}.Debug|x86.ActiveCfg = Debug|x64
		{BDCB35C3-8ED9-4A6E-A346-D16F17D4600C}.Release_avx|x64.ActiveCfg = Release|x64
		{BDCB35C3-8ED9-4A6E-A346-D16F17D4600C}.Release_avx|x86.ActiveCfg = Release|x64
		{BDCB35C3-8ED9-4A6E-A346-D16F17D4600C}.Release_avx2|x64.ActiveCfg = Release|x64
		{BDCB35C3-8ED9-4A6E-A346-D16F17D4600C}.Release_avx2|x86.ActiveCfg = Debug|x64
		{BDCB35C3-8ED9-4A6E-A346-D16F17D4600C}.Release_d|x64.ActiveCfg = Release|x64
		{BDCB35C3-8ED9-4A6E-A346-D16F17D4600C}.Release_d|x86.ActiveCfg = Debug|x64
		{BDCB35C3-8ED9-4A6E-A346-D16F17D4600C}.Release_pp|x64.ActiveCfg = Release|x64
		{BDCB35C3-8ED9-4A6E-A346-D16F17D4600C}.Release_pp|x86.ActiveCfg = Debug|x64
		{BDCB35C3-8ED9-4A6E-A346-D16F17D4600C}.Release|x64.ActiveCfg = Release|x64
		{BDCB35C3-8ED9-4A6E-A346-D16F17D4600C}.Release|x64.Build.0 = Release|x64
		{BDCB35C3-8ED9-4A6E-A346-D16F17D4600C}.Release|x86.ActiveCfg = Release|x64
	EndGlobalSection
	GlobalSection(SolutionProperties) = preSolution
		HideSolutionNode = FALSE
	EndGlobalSection
	GlobalSection(ExtensibilityGlobals) = postSolution
		SolutionGuid = {9EE33444-61A8-45F4-9368-E10B022EAFB6}
	EndGlobalSection
	GlobalSection(Performance) = preSolution
		HasPerformanceSessions = true
	EndGlobalSection
	GlobalSection(Performance) = preSolution
		HasPerformanceSessions = true
	EndGlobalSection
	GlobalSection(Performance) = preSolution
		HasPerformanceSessions = true
	EndGlobalSection
	GlobalSection(Performance) = preSolution
		HasPerformanceSessions = true
	EndGlobalSection
EndGlobal
