<?xml version="1.0" encoding="utf-8"?>
<Project ToolsVersion="4.0" xmlns="http://schemas.microsoft.com/developer/msbuild/2003">
  <ItemGroup>
    <ClCompile Include="stdafx.cpp" />
    <ClCompile Include="d3d9_proxy_dll.cpp">
      <Filter>d3d9_proxy</Filter>
    </ClCompile>
    <ClCompile Include="IDirect3D9Proxy.cpp">
      <Filter>d3d9_proxy</Filter>
    </ClCompile>
    <ClCompile Include="IDirect3DDevice9Proxy.cpp">
      <Filter>d3d9_proxy</Filter>
    </ClCompile>
    <ClCompile Include="dllmain.cpp">
      <Filter>base</Filter>
    </ClCompile>
    <ClCompile Include="d912pxy_device.cpp">
      <Filter>d3d9_impl\device</Filter>
    </ClCompile>
    <ClCompile Include="d912pxy_device_clipping.cpp">
      <Filter>d3d9_impl\device</Filter>
    </ClCompile>
    <ClCompile Include="d912pxy_device_constructors.cpp">
      <Filter>d3d9_impl\device</Filter>
    </ClCompile>
    <ClCompile Include="d912pxy_device_drawing.cpp">
      <Filter>d3d9_impl\device</Filter>
    </ClCompile>
    <ClCompile Include="d912pxy_device_init.cpp">
      <Filter>d3d9_impl\device</Filter>
    </ClCompile>
    <ClCompile Include="d912pxy_device_mt.cpp">
      <Filter>d3d9_impl\device</Filter>
    </ClCompile>
    <ClCompile Include="d912pxy_device_pso.cpp">
      <Filter>d3d9_impl\device</Filter>
    </ClCompile>
    <ClCompile Include="d912pxy_device_shaders.cpp">
      <Filter>d3d9_impl\device</Filter>
    </ClCompile>
    <ClCompile Include="d912pxy_device_streams.cpp">
      <Filter>d3d9_impl\device</Filter>
    </ClCompile>
    <ClCompile Include="d912pxy_device_swapchain.cpp">
      <Filter>d3d9_impl\device</Filter>
    </ClCompile>
    <ClCompile Include="d912pxy_device_texstate.cpp">
      <Filter>d3d9_impl\device</Filter>
    </ClCompile>
    <ClCompile Include="d912pxy_device_unimpl.cpp">
      <Filter>d3d9_impl\device</Filter>
    </ClCompile>
    <ClCompile Include="d912pxy_buffer_loader.cpp">
      <Filter>d3d9_impl\resource\vstream</Filter>
    </ClCompile>
    <ClCompile Include="d912pxy_vstream.cpp">
      <Filter>d3d9_impl\resource\vstream</Filter>
    </ClCompile>
    <ClCompile Include="d912pxy_vstream_pool.cpp">
      <Filter>d3d9_impl\resource\vstream</Filter>
    </ClCompile>
    <ClCompile Include="d912pxy_basetexture.cpp">
      <Filter>d3d9_impl\resource\textures</Filter>
    </ClCompile>
    <ClCompile Include="d912pxy_texture.cpp">
      <Filter>d3d9_impl\resource\textures</Filter>
    </ClCompile>
    <ClCompile Include="d912pxy_texture_loader.cpp">
      <Filter>d3d9_impl\resource\textures</Filter>
    </ClCompile>
    <ClCompile Include="d912pxy_vtexture.cpp">
      <Filter>d3d9_impl\resource\textures</Filter>
    </ClCompile>
    <ClCompile Include="d912pxy_ctexture.cpp">
      <Filter>d3d9_impl\resource\textures</Filter>
    </ClCompile>
    <ClCompile Include="d912pxy_replay.cpp">
      <Filter>d3d9_impl\device\iframe\replay</Filter>
    </ClCompile>
    <ClCompile Include="d912pxy_replay_thread.cpp">
      <Filter>d3d9_impl\device\iframe\replay</Filter>
    </ClCompile>
    <ClCompile Include="d912pxy_helper.cpp">
      <Filter>base\utils</Filter>
    </ClCompile>
    <ClCompile Include="d912pxy_linked_list.cpp">
      <Filter>base\utils</Filter>
    </ClCompile>
    <ClCompile Include="d912pxy_ringbuffer.cpp">
      <Filter>base\utils</Filter>
    </ClCompile>
    <ClCompile Include="d912pxy_stackwalker.cpp">
      <Filter>base\utils</Filter>
    </ClCompile>
    <ClCompile Include="d912pxy_thread.cpp">
      <Filter>base\utils</Filter>
    </ClCompile>
    <ClCompile Include="d912pxy_thread_lock.cpp">
      <Filter>base\utils</Filter>
    </ClCompile>
    <ClCompile Include="dbg_imagewriter.cpp">
      <Filter>base\utils\3rd_party</Filter>
    </ClCompile>
    <ClCompile Include="..\thirdparty\StackWalker\StackWalker.cpp">
      <Filter>base\utils\3rd_party</Filter>
    </ClCompile>
    <ClCompile Include="stb_image.cpp">
      <Filter>base\utils\3rd_party</Filter>
    </ClCompile>
    <ClCompile Include="d912pxy_log.cpp">
      <Filter>base\logging</Filter>
    </ClCompile>
    <ClCompile Include="d912pxy_metrics.cpp">
      <Filter>base\logging</Filter>
    </ClCompile>
    <ClCompile Include="d912pxy_performance_graph.cpp">
      <Filter>base\logging</Filter>
    </ClCompile>
    <ClCompile Include="d912pxy_iframe.cpp">
      <Filter>d3d9_impl\device\iframe</Filter>
    </ClCompile>
    <ClCompile Include="d912pxy_batch.cpp">
      <Filter>d3d9_impl\device\iframe\batch</Filter>
    </ClCompile>
    <ClCompile Include="d912pxy_cbuffer.cpp">
      <Filter>d3d9_impl\device\iframe\batch</Filter>
    </ClCompile>
    <ClCompile Include="d912pxy_shader.cpp">
      <Filter>d3d9_impl\shaders</Filter>
    </ClCompile>
    <ClCompile Include="d912pxy_shader_db.cpp">
      <Filter>d3d9_impl\shaders</Filter>
    </ClCompile>
    <ClCompile Include="d912pxy_shader_pair.cpp">
      <Filter>d3d9_impl\shaders</Filter>
    </ClCompile>
    <ClCompile Include="d912pxy_shader_replacer.cpp">
      <Filter>d3d9_impl\shaders</Filter>
    </ClCompile>
    <ClCompile Include="d912pxy_sblock.cpp">
      <Filter>d3d9_impl</Filter>
    </ClCompile>
    <ClCompile Include="d912pxy_swapchain.cpp">
      <Filter>d3d9_impl</Filter>
    </ClCompile>
    <ClCompile Include="d912pxy_vdecl.cpp">
      <Filter>d3d9_impl</Filter>
    </ClCompile>
    <ClCompile Include="d912pxy_gpu_cmd_list.cpp">
      <Filter>d3d9_impl\device\dx12</Filter>
    </ClCompile>
    <ClCompile Include="d912pxy_gpu_cleanup_thread.cpp">
      <Filter>d3d9_impl\device\dx12</Filter>
    </ClCompile>
    <ClCompile Include="d912pxy_gpu_que.cpp">
      <Filter>d3d9_impl\device\dx12</Filter>
    </ClCompile>
    <ClCompile Include="d912pxy_mem_mgr.cpp">
      <Filter>base\memory</Filter>
    </ClCompile>
    <ClCompile Include="d912pxy_pool.cpp">
      <Filter>base\memory\pooling</Filter>
    </ClCompile>
    <ClCompile Include="d912pxy_pool_memcat.cpp">
      <Filter>base\memory\pooling</Filter>
    </ClCompile>
    <ClCompile Include="d912pxy_async_upload_thread.cpp">
      <Filter>d3d9_impl\resource\upload</Filter>
    </ClCompile>
    <ClCompile Include="d912pxy_upload_pool.cpp">
      <Filter>d3d9_impl\resource\upload</Filter>
    </ClCompile>
    <ClCompile Include="d912pxy_dheap.cpp">
      <Filter>d3d9_impl\device\dx12</Filter>
    </ClCompile>
    <ClCompile Include="d912pxy_cleanup_thread.cpp">
      <Filter>base\memory\pooling</Filter>
    </ClCompile>
    <ClCompile Include="d912pxy_comhandler.cpp">
      <Filter>base\objects</Filter>
    </ClCompile>
    <ClCompile Include="d912pxy_noncom.cpp">
      <Filter>base\objects</Filter>
    </ClCompile>
    <ClCompile Include="d912pxy_vfs.cpp">
      <Filter>base\vfs</Filter>
    </ClCompile>
    <ClCompile Include="d912pxy_config.cpp">
      <Filter>base</Filter>
    </ClCompile>
    <ClCompile Include="d912pxy_fwdecl.cpp">
      <Filter>base</Filter>
    </ClCompile>
    <ClCompile Include="d912pxy_resource.cpp">
      <Filter>d3d9_impl\resource</Filter>
    </ClCompile>
    <ClCompile Include="d912pxy_draw_up.cpp">
      <Filter>d3d9_impl\device\emulated</Filter>
    </ClCompile>
    <ClCompile Include="d912pxy_device_surface.cpp">
      <Filter>d3d9_impl\device</Filter>
    </ClCompile>
    <ClCompile Include="d912pxy_query.cpp">
      <Filter>d3d9_impl\query</Filter>
    </ClCompile>
    <ClCompile Include="d912pxy_query_occlusion.cpp">
      <Filter>d3d9_impl\query</Filter>
    </ClCompile>
    <ClCompile Include="d912pxy_instance.cpp">
      <Filter>base</Filter>
    </ClCompile>
    <ClCompile Include="d912pxy_com_routing.cpp">
      <Filter>d3d9_proxy\com\routing</Filter>
    </ClCompile>
    <ClCompile Include="d912pxy_surface.cpp">
      <Filter>d3d9_impl\resource\textures\surface</Filter>
    </ClCompile>
    <ClCompile Include="d912pxy_surface_layer.cpp">
      <Filter>d3d9_impl\resource\textures\surface</Filter>
    </ClCompile>
    <ClCompile Include="d912pxy_surface_pool.cpp">
      <Filter>d3d9_impl\resource\textures\surface</Filter>
    </ClCompile>
    <ClCompile Include="d912pxy_texture_state.cpp">
      <Filter>d3d9_impl\device\iframe</Filter>
    </ClCompile>
    <ClCompile Include="d912pxy_com_mgr.cpp">
      <Filter>d3d9_proxy\com</Filter>
    </ClCompile>
    <ClCompile Include="d912pxy_mem_va_table.cpp">
      <Filter>base\memory</Filter>
    </ClCompile>
    <ClCompile Include="d912pxy_com_route_default.cpp">
      <Filter>d3d9_proxy\com\routing</Filter>
    </ClCompile>
    <ClCompile Include="d912pxy_com_route_overhead_tracked.cpp">
      <Filter>d3d9_proxy\com\routing</Filter>
    </ClCompile>
    <ClCompile Include="d912pxy_vfs_packer.cpp">
      <Filter>base\vfs</Filter>
    </ClCompile>
    <ClCompile Include="..\thirdparty\fastlz\fastlz.cpp">
      <Filter>base\utils\3rd_party</Filter>
    </ClCompile>
    <ClCompile Include="d912pxy_dynamic_imports.cpp">
      <Filter>base</Filter>
    </ClCompile>
    <ClCompile Include="..\thirdparty\nv_api\nv_api_oc.cpp">
      <Filter>base\utils\3rd_party</Filter>
    </ClCompile>
    <ClCompile Include="d912pxy_vfs_pck.cpp">
      <Filter>base\vfs</Filter>
    </ClCompile>
    <ClCompile Include="d912pxy_vfs_entry.cpp">
      <Filter>base\vfs</Filter>
    </ClCompile>
    <ClCompile Include="..\thirdparty\imgui\imgui.cpp">
      <Filter>base\utils\3rd_party\imgui</Filter>
    </ClCompile>
    <ClCompile Include="..\thirdparty\imgui\imgui_draw.cpp">
      <Filter>base\utils\3rd_party\imgui</Filter>
    </ClCompile>
    <ClCompile Include="..\thirdparty\imgui\imgui_impl_dx12.cpp">
      <Filter>base\utils\3rd_party\imgui</Filter>
    </ClCompile>
    <ClCompile Include="..\thirdparty\imgui\imgui_widgets.cpp">
      <Filter>base\utils\3rd_party\imgui</Filter>
    </ClCompile>
    <ClCompile Include="..\thirdparty\imgui\imgui_impl_win32.cpp">
      <Filter>base\utils\3rd_party\imgui</Filter>
    </ClCompile>
    <ClCompile Include="d912pxy_mem_block.cpp">
      <Filter>base\memory</Filter>
    </ClCompile>
    <ClCompile Include="d912pxy_folded_buffer.cpp">
      <Filter>d3d9_impl\device\iframe\batch</Filter>
    </ClCompile>
    <ClCompile Include="d912pxy_replay_buffer.cpp">
      <Filter>d3d9_impl\device\iframe\replay</Filter>
    </ClCompile>
    <ClCompile Include="d912pxy_replay_actions.cpp">
      <Filter>d3d9_impl\device\iframe\replay</Filter>
    </ClCompile>
    <ClCompile Include="d912pxy_replay_handlers.cpp">
      <Filter>d3d9_impl\device\iframe\replay</Filter>
    </ClCompile>
    <ClCompile Include="d912pxy_replay_item.cpp">
      <Filter>d3d9_impl\device\iframe\replay</Filter>
    </ClCompile>
    <ClCompile Include="d912pxy_extras.cpp">
      <Filter>d3d9_impl\device\dx12\extras</Filter>
    </ClCompile>
    <ClCompile Include="d912pxy_dxbc9.cpp">
      <Filter>d3d9_impl\shaders\hlsl_gen</Filter>
    </ClCompile>
    <ClCompile Include="d912pxy_d3dx9.cpp">
      <Filter>base\utils</Filter>
    </ClCompile>
    <ClCompile Include="d912pxy_hlsl_gen.cpp">
      <Filter>d3d9_impl\shaders\hlsl_gen</Filter>
    </ClCompile>
    <ClCompile Include="d912pxy_hlsl_gen_sio_handlers.cpp">
      <Filter>d3d9_impl\shaders\hlsl_gen</Filter>
    </ClCompile>
    <ClCompile Include="d912pxy_hlsl_gen_tables.cpp">
      <Filter>d3d9_impl\shaders\hlsl_gen</Filter>
    </ClCompile>
    <ClCompile Include="d912pxy_trimmed_pso.cpp">
      <Filter>d3d9_impl\device\iframe\pso</Filter>
    </ClCompile>
    <ClCompile Include="d912pxy_dx9_pipeline_state.cpp">
      <Filter>d3d9_impl\device\iframe\pso</Filter>
    </ClCompile>
    <ClCompile Include="d912pxy_pso_item.cpp">
      <Filter>d3d9_impl\device\iframe\pso</Filter>
    </ClCompile>
    <ClCompile Include="d912pxy_pso_db.cpp">
      <Filter>d3d9_impl\device\iframe\pso</Filter>
    </ClCompile>
    <ClCompile Include="d912pxy_surface_ops.cpp">
      <Filter>d3d9_impl\device\emulated</Filter>
    </ClCompile>
    <ClCompile Include="v3\util\memory_block.cpp">
      <Filter>v3\util</Filter>
    </ClCompile>
    <ClCompile Include="v3\util\log\error_handler.cpp">
      <Filter>v3\util\log</Filter>
    </ClCompile>
    <ClCompile Include="d912pxy_replay_extra_handlers.cpp">
      <Filter>d3d9_impl\device\iframe\replay</Filter>
    </ClCompile>
    <ClCompile Include="v3\dx12\extras\shader_pair\tracker.cpp">
      <Filter>v3\extras\shader_pair</Filter>
    </ClCompile>
    <ClCompile Include="v3\dx12\extras\shader_pair\info.cpp">
      <Filter>v3\extras\shader_pair</Filter>
    </ClCompile>
    <ClCompile Include="v3\util\dir_reader.cpp">
      <Filter>v3\util</Filter>
    </ClCompile>
    <ClCompile Include="v3\dx12\extras\iframe_mods\pass_detector.cpp">
      <Filter>v3\extras\iframe_mods</Filter>
    </ClCompile>
    <ClCompile Include="v3\dx12\extras\iframe_mods\generic_taa.cpp">
      <Filter>v3\extras\iframe_mods</Filter>
    </ClCompile>
    <ClCompile Include="v3\dx12\extras\iframe_mods\manager.cpp">
      <Filter>v3\extras\iframe_mods</Filter>
    </ClCompile>
    <ClCompile Include="v3\dx12\extras\iframe_mods\gw2_taa.cpp">
      <Filter>v3\extras\iframe_mods</Filter>
    </ClCompile>
    <ClCompile Include="d912pxy_pso_mt_dispatcher.cpp">
      <Filter>d3d9_impl\device\iframe\pso</Filter>
    </ClCompile>
    <ClCompile Include="v3\dx12\extras\iframe_mods\state_holder.cpp">
      <Filter>v3\extras\iframe_mods</Filter>
    </ClCompile>
    <ClCompile Include="v3\dx12\extras\iframe_mods\native_draw.cpp">
      <Filter>v3\extras\iframe_mods</Filter>
    </ClCompile>
    <ClCompile Include="v3\util\key_value_reader.cpp">
      <Filter>v3\util</Filter>
    </ClCompile>
  </ItemGroup>
  <ItemGroup>
    <ClInclude Include="stdafx.h" />
    <ClInclude Include="targetver.h" />
    <ClInclude Include="d3d9_proxy_dll.h">
      <Filter>d3d9_proxy</Filter>
    </ClInclude>
    <ClInclude Include="IDirect3D9Proxy.h">
      <Filter>d3d9_proxy</Filter>
    </ClInclude>
    <ClInclude Include="IDirect3DDevice9Proxy.h">
      <Filter>d3d9_proxy</Filter>
    </ClInclude>
    <ClInclude Include="d912pxy_device.h">
      <Filter>d3d9_impl\device</Filter>
    </ClInclude>
    <ClInclude Include="..\thirdparty\D3D9Proxy\d3d9.h">
      <Filter>d3d9_proxy\d3d9</Filter>
    </ClInclude>
    <ClInclude Include="..\thirdparty\D3D9Proxy\d3dx9.h">
      <Filter>d3d9_proxy\d3d9</Filter>
    </ClInclude>
    <ClInclude Include="d912pxy_buffer_loader.h">
      <Filter>d3d9_impl\resource\vstream</Filter>
    </ClInclude>
    <ClInclude Include="d912pxy_vstream.h">
      <Filter>d3d9_impl\resource\vstream</Filter>
    </ClInclude>
    <ClInclude Include="d912pxy_vstream_pool.h">
      <Filter>d3d9_impl\resource\vstream</Filter>
    </ClInclude>
    <ClInclude Include="d912pxy_basetexture.h">
      <Filter>d3d9_impl\resource\textures</Filter>
    </ClInclude>
    <ClInclude Include="d912pxy_texture.h">
      <Filter>d3d9_impl\resource\textures</Filter>
    </ClInclude>
    <ClInclude Include="d912pxy_texture_loader.h">
      <Filter>d3d9_impl\resource\textures</Filter>
    </ClInclude>
    <ClInclude Include="d912pxy_vtexture.h">
      <Filter>d3d9_impl\resource\textures</Filter>
    </ClInclude>
    <ClInclude Include="d912pxy_ctexture.h">
      <Filter>d3d9_impl\resource\textures</Filter>
    </ClInclude>
    <ClInclude Include="d912pxy_replay.h">
      <Filter>d3d9_impl\device\iframe\replay</Filter>
    </ClInclude>
    <ClInclude Include="d912pxy_replay_thread.h">
      <Filter>d3d9_impl\device\iframe\replay</Filter>
    </ClInclude>
    <ClInclude Include="d912pxy_helper.h">
      <Filter>base\utils</Filter>
    </ClInclude>
    <ClInclude Include="d912pxy_linked_list.h">
      <Filter>base\utils</Filter>
    </ClInclude>
    <ClInclude Include="d912pxy_ringbuffer.h">
      <Filter>base\utils</Filter>
    </ClInclude>
    <ClInclude Include="d912pxy_stackwalker.h">
      <Filter>base\utils</Filter>
    </ClInclude>
    <ClInclude Include="d912pxy_thread.h">
      <Filter>base\utils</Filter>
    </ClInclude>
    <ClInclude Include="d912pxy_thread_lock.h">
      <Filter>base\utils</Filter>
    </ClInclude>
    <ClInclude Include="stopwatch.h">
      <Filter>base\utils</Filter>
    </ClInclude>
    <ClInclude Include="dbg_imagewriter.h">
      <Filter>base\utils\3rd_party</Filter>
    </ClInclude>
    <ClInclude Include="..\thirdparty\StackWalker\StackWalker.h">
      <Filter>base\utils\3rd_party</Filter>
    </ClInclude>
    <ClInclude Include="stb_image.h">
      <Filter>base\utils\3rd_party</Filter>
    </ClInclude>
    <ClInclude Include="d912pxy_log.h">
      <Filter>base\logging</Filter>
    </ClInclude>
    <ClInclude Include="d912pxy_metrics.h">
      <Filter>base\logging</Filter>
    </ClInclude>
    <ClInclude Include="d912pxy_performance_graph.h">
      <Filter>base\logging</Filter>
    </ClInclude>
    <ClInclude Include="d912pxy_iframe.h">
      <Filter>d3d9_impl\device\iframe</Filter>
    </ClInclude>
    <ClInclude Include="d912pxy_batch.h">
      <Filter>d3d9_impl\device\iframe\batch</Filter>
    </ClInclude>
    <ClInclude Include="d912pxy_cbuffer.h">
      <Filter>d3d9_impl\device\iframe\batch</Filter>
    </ClInclude>
    <ClInclude Include="d912pxy_shader.h">
      <Filter>d3d9_impl\shaders</Filter>
    </ClInclude>
    <ClInclude Include="d912pxy_shader_db.h">
      <Filter>d3d9_impl\shaders</Filter>
    </ClInclude>
    <ClInclude Include="d912pxy_shader_pair.h">
      <Filter>d3d9_impl\shaders</Filter>
    </ClInclude>
    <ClInclude Include="d912pxy_shader_replacer.h">
      <Filter>d3d9_impl\shaders</Filter>
    </ClInclude>
    <ClInclude Include="d912pxy_sblock.h">
      <Filter>d3d9_impl</Filter>
    </ClInclude>
    <ClInclude Include="d912pxy_swapchain.h">
      <Filter>d3d9_impl</Filter>
    </ClInclude>
    <ClInclude Include="d912pxy_vdecl.h">
      <Filter>d3d9_impl</Filter>
    </ClInclude>
    <ClInclude Include="d912pxy_gpu_cleanup_thread.h">
      <Filter>d3d9_impl\device\dx12</Filter>
    </ClInclude>
    <ClInclude Include="d912pxy_gpu_cmd_list.h">
      <Filter>d3d9_impl\device\dx12</Filter>
    </ClInclude>
    <ClInclude Include="d912pxy_gpu_que.h">
      <Filter>d3d9_impl\device\dx12</Filter>
    </ClInclude>
    <ClInclude Include="d912pxy_mem_mgr.h">
      <Filter>base\memory</Filter>
    </ClInclude>
    <ClInclude Include="d912pxy_pool.h">
      <Filter>base\memory\pooling</Filter>
    </ClInclude>
    <ClInclude Include="d912pxy_pool_memcat.h">
      <Filter>base\memory\pooling</Filter>
    </ClInclude>
    <ClInclude Include="d912pxy_async_upload_thread.h">
      <Filter>d3d9_impl\resource\upload</Filter>
    </ClInclude>
    <ClInclude Include="d912pxy_upload_pool.h">
      <Filter>d3d9_impl\resource\upload</Filter>
    </ClInclude>
    <ClInclude Include="d912pxy_dheap.h">
      <Filter>d3d9_impl\device\dx12</Filter>
    </ClInclude>
    <ClInclude Include="d912pxy_cleanup_thread.h">
      <Filter>base\memory\pooling</Filter>
    </ClInclude>
    <ClInclude Include="d912pxy_comhandler.h">
      <Filter>base\objects</Filter>
    </ClInclude>
    <ClInclude Include="d912pxy_noncom.h">
      <Filter>base\objects</Filter>
    </ClInclude>
    <ClInclude Include="d912pxy_vfs.h">
      <Filter>base\vfs</Filter>
    </ClInclude>
    <ClInclude Include="d912pxy_config.h">
      <Filter>base</Filter>
    </ClInclude>
    <ClInclude Include="d912pxy_fwdecl.h">
      <Filter>base</Filter>
    </ClInclude>
    <ClInclude Include="d912pxy_resource.h">
      <Filter>d3d9_impl\resource</Filter>
    </ClInclude>
    <ClInclude Include="..\thirdparty\renderdoc_app.h">
      <Filter>base\utils\3rd_party</Filter>
    </ClInclude>
    <ClInclude Include="d912pxy_draw_up.h">
      <Filter>d3d9_impl\device\emulated</Filter>
    </ClInclude>
    <ClInclude Include="d912pxy_query.h">
      <Filter>d3d9_impl\query</Filter>
    </ClInclude>
    <ClInclude Include="d912pxy_query_occlusion.h">
      <Filter>d3d9_impl\query</Filter>
    </ClInclude>
    <ClInclude Include="d912pxy_instance.h">
      <Filter>base</Filter>
    </ClInclude>
    <ClInclude Include="d912pxy_com_routing.h">
      <Filter>d3d9_proxy\com\routing</Filter>
    </ClInclude>
    <ClInclude Include="d912pxy_surface.h">
      <Filter>d3d9_impl\resource\textures\surface</Filter>
    </ClInclude>
    <ClInclude Include="d912pxy_surface_layer.h">
      <Filter>d3d9_impl\resource\textures\surface</Filter>
    </ClInclude>
    <ClInclude Include="d912pxy_surface_pool.h">
      <Filter>d3d9_impl\resource\textures\surface</Filter>
    </ClInclude>
    <ClInclude Include="d912pxy_texture_state.h">
      <Filter>d3d9_impl\device\iframe</Filter>
    </ClInclude>
    <ClInclude Include="d912pxy_com_mgr.h">
      <Filter>d3d9_proxy\com</Filter>
    </ClInclude>
    <ClInclude Include="d912pxy_com_object.h">
      <Filter>d3d9_proxy\com</Filter>
    </ClInclude>
    <ClInclude Include="d912pxy_mem_va_table.h">
      <Filter>base\memory</Filter>
    </ClInclude>
    <ClInclude Include="d912pxy_vfs_packer.h">
      <Filter>base\vfs</Filter>
    </ClInclude>
    <ClInclude Include="..\thirdparty\fastlz\fastlz.h">
      <Filter>base\utils\3rd_party</Filter>
    </ClInclude>
    <ClInclude Include="d912pxy_dynamic_imports.h">
      <Filter>base</Filter>
    </ClInclude>
    <ClInclude Include="..\thirdparty\nv_api\nv_api_oc.h">
      <Filter>base\utils\3rd_party</Filter>
    </ClInclude>
    <ClInclude Include="d912pxy_vfs_pck.h">
      <Filter>base\vfs</Filter>
    </ClInclude>
    <ClInclude Include="d912pxy_vfs_entry.h">
      <Filter>base\vfs</Filter>
    </ClInclude>
    <ClInclude Include="..\thirdparty\imgui\imconfig.h">
      <Filter>base\utils\3rd_party\imgui</Filter>
    </ClInclude>
    <ClInclude Include="..\thirdparty\imgui\imgui.h">
      <Filter>base\utils\3rd_party\imgui</Filter>
    </ClInclude>
    <ClInclude Include="..\thirdparty\imgui\imgui_impl_dx12.h">
      <Filter>base\utils\3rd_party\imgui</Filter>
    </ClInclude>
    <ClInclude Include="..\thirdparty\imgui\imgui_internal.h">
      <Filter>base\utils\3rd_party\imgui</Filter>
    </ClInclude>
    <ClInclude Include="..\thirdparty\imgui\imstb_rectpack.h">
      <Filter>base\utils\3rd_party\imgui</Filter>
    </ClInclude>
    <ClInclude Include="..\thirdparty\imgui\imstb_textedit.h">
      <Filter>base\utils\3rd_party\imgui</Filter>
    </ClInclude>
    <ClInclude Include="..\thirdparty\imgui\imstb_truetype.h">
      <Filter>base\utils\3rd_party\imgui</Filter>
    </ClInclude>
    <ClInclude Include="..\thirdparty\imgui\imgui_impl_win32.h">
      <Filter>base\utils\3rd_party\imgui</Filter>
    </ClInclude>
    <ClInclude Include="d912pxy_mem_block.h">
      <Filter>base\memory</Filter>
    </ClInclude>
    <ClInclude Include="d912pxy_device_state.h">
      <Filter>d3d9_impl\device</Filter>
    </ClInclude>
    <ClInclude Include="d912pxy_folded_buffer.h">
      <Filter>d3d9_impl\device\iframe\batch</Filter>
    </ClInclude>
    <ClInclude Include="d912pxy_swap_list.h">
      <Filter>base\utils</Filter>
    </ClInclude>
    <ClInclude Include="d912pxy_replay_item.h">
      <Filter>d3d9_impl\device\iframe\replay</Filter>
    </ClInclude>
    <ClInclude Include="d912pxy_replay_buffer.h">
      <Filter>d3d9_impl\device\iframe\replay</Filter>
    </ClInclude>
    <ClInclude Include="d912pxy_d3dx9.h">
      <Filter>base\utils</Filter>
    </ClInclude>
    <ClInclude Include="d912pxy_extras.h">
      <Filter>d3d9_impl\device\dx12\extras</Filter>
    </ClInclude>
    <ClInclude Include="d912pxy_dxbc9.h">
      <Filter>d3d9_impl\shaders\hlsl_gen</Filter>
    </ClInclude>
    <ClInclude Include="d912pxy_hlsl_gen.h">
      <Filter>d3d9_impl\shaders\hlsl_gen</Filter>
    </ClInclude>
    <ClInclude Include="d912pxy_trimmed_pso.h">
      <Filter>d3d9_impl\device\iframe\pso</Filter>
    </ClInclude>
    <ClInclude Include="d912pxy_pso_db.h">
      <Filter>d3d9_impl\device\iframe\pso</Filter>
    </ClInclude>
    <ClInclude Include="d912pxy_dx9_pipeline_state.h">
      <Filter>d3d9_impl\device\iframe\pso</Filter>
    </ClInclude>
    <ClInclude Include="d912pxy_pso_item.h">
      <Filter>d3d9_impl\device\iframe\pso</Filter>
    </ClInclude>
    <ClInclude Include="d912pxy_surface_ops.h">
      <Filter>d3d9_impl\device\emulated</Filter>
    </ClInclude>
    <ClInclude Include="v3\base_object.h">
      <Filter>v3</Filter>
    </ClInclude>
    <ClInclude Include="v3\util\mt\container.h">
      <Filter>v3\util\mt</Filter>
    </ClInclude>
    <ClInclude Include="v3\util\hash.h">
      <Filter>v3\util</Filter>
    </ClInclude>
    <ClInclude Include="v3\util\trivial\linear_array.h">
      <Filter>v3\util\trivial</Filter>
    </ClInclude>
    <ClInclude Include="v3\util\memory_block.h">
      <Filter>v3\util</Filter>
    </ClInclude>
    <ClInclude Include="v3\util\trivial\push_buffer.h">
      <Filter>v3\util\trivial</Filter>
    </ClInclude>
    <ClInclude Include="v3\util\memtree.h">
      <Filter>v3\util</Filter>
    </ClInclude>
    <ClInclude Include="v3\util\mt\lock.h">
      <Filter>v3\util\mt</Filter>
    </ClInclude>
    <ClInclude Include="v3\util\log\error_handler.h">
      <Filter>v3\util\log</Filter>
    </ClInclude>
    <ClInclude Include="v3\dx12\extras\shader_pair\tracker.h">
      <Filter>v3\extras\shader_pair</Filter>
    </ClInclude>
    <ClInclude Include="v3\dx12\extras\shader_pair\info.h">
      <Filter>v3\extras\shader_pair</Filter>
    </ClInclude>
    <ClInclude Include="v3\dx12\extras\iframe_mods\pass_detector.h">
      <Filter>v3\extras\iframe_mods</Filter>
    </ClInclude>
    <ClInclude Include="v3\dx12\extras\iframe_mods\manager.h">
      <Filter>v3\extras\iframe_mods</Filter>
    </ClInclude>
    <ClInclude Include="v3\util\dir_reader.h">
      <Filter>v3\util</Filter>
    </ClInclude>
    <ClInclude Include="v3\dx12\extras\iframe_mods\generic_taa.h">
      <Filter>v3\extras\iframe_mods</Filter>
    </ClInclude>
    <ClInclude Include="v3\dx12\extras\iframe_mods\gw2_taa.h">
      <Filter>v3\extras\iframe_mods</Filter>
    </ClInclude>
    <ClInclude Include="v3\dx12\extras\iframe_mods\shader.h">
      <Filter>v3\extras\iframe_mods</Filter>
    </ClInclude>
    <ClInclude Include="v3\dx12\extras\iframe_mods\state_holder.h">
      <Filter>v3\extras\iframe_mods</Filter>
    </ClInclude>
    <ClInclude Include="v3\dx12\extras\iframe_mods\native_draw.h">
      <Filter>v3\extras\iframe_mods</Filter>
    </ClInclude>
    <ClInclude Include="d912pxy_pso_mt_dispatcher.h">
      <Filter>d3d9_impl\device\iframe\pso</Filter>
    </ClInclude>
    <ClInclude Include="v3\util\key_value_reader.h">
      <Filter>v3\util</Filter>
    </ClInclude>
  </ItemGroup>
  <ItemGroup>
    <None Include="deffile" />
  </ItemGroup>
  <ItemGroup>
    <Filter Include="d3d9_proxy">
      <UniqueIdentifier>{361bba16-21c0-4222-a95e-9e40fd4d0c2d}</UniqueIdentifier>
    </Filter>
    <Filter Include="d3d9_impl">
      <UniqueIdentifier>{b7954cd0-2ade-4b16-9643-61da9aee68e5}</UniqueIdentifier>
    </Filter>
    <Filter Include="d3d9_impl\device">
      <UniqueIdentifier>{c192510c-1a16-4665-9f12-d1f73a52c400}</UniqueIdentifier>
    </Filter>
    <Filter Include="d3d9_impl\shaders">
      <UniqueIdentifier>{91db2b2c-de4d-48ac-bae6-2b25ce5a8ce1}</UniqueIdentifier>
    </Filter>
    <Filter Include="d3d9_impl\device\dx12">
      <UniqueIdentifier>{427238b4-811c-42d0-b75a-b0444164bcd6}</UniqueIdentifier>
    </Filter>
    <Filter Include="base">
      <UniqueIdentifier>{b5d8bca5-26be-4f2d-8f0d-3a97de6e9630}</UniqueIdentifier>
    </Filter>
    <Filter Include="base\vfs">
      <UniqueIdentifier>{a47336ce-ee46-4472-9cdf-d11a730b6e8b}</UniqueIdentifier>
    </Filter>
    <Filter Include="base\objects">
      <UniqueIdentifier>{3a086386-498a-4a78-8375-71db924c4368}</UniqueIdentifier>
    </Filter>
    <Filter Include="d3d9_proxy\d3d9">
      <UniqueIdentifier>{8fd80433-e3f6-4f24-9ac8-97cfa9c18121}</UniqueIdentifier>
    </Filter>
    <Filter Include="d3d9_impl\device\iframe">
      <UniqueIdentifier>{68ca0e7c-56ea-4c1a-9980-c8f31467c031}</UniqueIdentifier>
    </Filter>
    <Filter Include="d3d9_impl\device\iframe\replay">
      <UniqueIdentifier>{a3c1cf07-ad13-4952-afa4-7d8a86b01f59}</UniqueIdentifier>
    </Filter>
    <Filter Include="d3d9_impl\device\iframe\batch">
      <UniqueIdentifier>{80c8033e-6d1c-40c2-923d-0808ea83cd89}</UniqueIdentifier>
    </Filter>
    <Filter Include="d3d9_impl\resource">
      <UniqueIdentifier>{04de4f88-0e01-41cb-90bb-98256c3016cc}</UniqueIdentifier>
    </Filter>
    <Filter Include="d3d9_impl\resource\upload">
      <UniqueIdentifier>{07d6b711-ec36-4432-a583-4c51da3d9cb8}</UniqueIdentifier>
    </Filter>
    <Filter Include="d3d9_impl\device\emulated">
      <UniqueIdentifier>{2d60883d-a18c-4835-8481-1b5555d7ab69}</UniqueIdentifier>
    </Filter>
    <Filter Include="d3d9_impl\query">
      <UniqueIdentifier>{42305daf-7f33-4542-aded-6b0be1c43cb2}</UniqueIdentifier>
    </Filter>
    <Filter Include="d3d9_impl\resource\textures">
      <UniqueIdentifier>{7723b396-c807-42fe-bd56-15aa168c2260}</UniqueIdentifier>
    </Filter>
    <Filter Include="d3d9_impl\resource\vstream">
      <UniqueIdentifier>{e3eac2a0-ea79-41b0-bc0c-9667e0ec72d5}</UniqueIdentifier>
    </Filter>
    <Filter Include="d3d9_impl\resource\textures\surface">
      <UniqueIdentifier>{60b22674-833c-464c-a385-422a74078b3e}</UniqueIdentifier>
    </Filter>
    <Filter Include="d3d9_proxy\com">
      <UniqueIdentifier>{1392a3e2-46c8-48cc-8a4c-224c466ef4e2}</UniqueIdentifier>
    </Filter>
    <Filter Include="d3d9_proxy\com\routing">
      <UniqueIdentifier>{081b5650-7082-4302-80cb-f4a00ca6243e}</UniqueIdentifier>
    </Filter>
    <Filter Include="base\logging">
      <UniqueIdentifier>{c9ffa063-fa99-473e-805f-7160f1e9678a}</UniqueIdentifier>
    </Filter>
    <Filter Include="base\memory">
      <UniqueIdentifier>{f47faa61-322a-4282-8b38-d51bf0b36cd6}</UniqueIdentifier>
    </Filter>
    <Filter Include="base\memory\pooling">
      <UniqueIdentifier>{cd10386c-9a7a-447d-b62d-fcd99792654c}</UniqueIdentifier>
    </Filter>
    <Filter Include="base\utils">
      <UniqueIdentifier>{2d46a49b-677c-4c76-b9fe-2666b9149a7e}</UniqueIdentifier>
    </Filter>
    <Filter Include="base\utils\3rd_party">
      <UniqueIdentifier>{e6b279d5-aa8c-4195-83eb-99d55b609b3a}</UniqueIdentifier>
    </Filter>
    <Filter Include="base\utils\3rd_party\imgui">
      <UniqueIdentifier>{d9a4b233-60c9-4fb5-a394-8053cddf40ac}</UniqueIdentifier>
    </Filter>
    <Filter Include="d3d9_impl\device\dx12\extras">
      <UniqueIdentifier>{325acb17-80c2-4acb-8793-9f16048a908a}</UniqueIdentifier>
    </Filter>
    <Filter Include="d3d9_impl\shaders\hlsl_gen">
      <UniqueIdentifier>{00fb539a-23f1-4ddb-988f-accaa523116d}</UniqueIdentifier>
    </Filter>
    <Filter Include="d3d9_impl\device\iframe\pso">
      <UniqueIdentifier>{1405e705-a9d9-48f8-b695-16176f6cd8e8}</UniqueIdentifier>
    </Filter>
    <Filter Include="v3">
      <UniqueIdentifier>{11168088-187c-456f-978d-0532f67b64d3}</UniqueIdentifier>
    </Filter>
    <Filter Include="v3\util">
      <UniqueIdentifier>{4b1c34af-a2a0-4079-9306-ec8ff93666cc}</UniqueIdentifier>
    </Filter>
    <Filter Include="v3\util\mt">
      <UniqueIdentifier>{0aa26e5d-278e-4ab8-84fd-bc4886c52f09}</UniqueIdentifier>
    </Filter>
    <Filter Include="v3\util\trivial">
      <UniqueIdentifier>{5ec4567d-f2b5-46d9-91c9-ab21b1158915}</UniqueIdentifier>
    </Filter>
    <Filter Include="v3\util\log">
      <UniqueIdentifier>{8452a761-88cf-42d0-b26e-dc9c8487b803}</UniqueIdentifier>
    </Filter>
    <Filter Include="v3\extras">
      <UniqueIdentifier>{3c049b2c-5732-4930-8c6a-f345112f6edb}</UniqueIdentifier>
    </Filter>
    <Filter Include="v3\extras\iframe_mods">
      <UniqueIdentifier>{ba4b577c-723c-432a-8a64-2f85ffcb1b90}</UniqueIdentifier>
    </Filter>
    <Filter Include="v3\extras\shader_pair">
      <UniqueIdentifier>{82184ead-e162-4c0f-88d7-eeef3db31d3c}</UniqueIdentifier>
    </Filter>
  </ItemGroup>
  <ItemGroup>
    <ResourceCompile Include="version.rc" />
  </ItemGroup>
</Project>