<?xml version="1.0" encoding="utf-8"?>
<Project ToolsVersion="4.0" xmlns="http://schemas.microsoft.com/developer/msbuild/2003">
  <ItemGroup>
    <Filter Include="Исходные файлы">
      <UniqueIdentifier>{4FC737F1-C7A5-4376-A066-2A32D752A2FF}</UniqueIdentifier>
      <Extensions>cpp;c;cc;cxx;def;odl;idl;hpj;bat;asm;asmx</Extensions>
    </Filter>
    <Filter Include="Файлы заголовков">
      <UniqueIdentifier>{93995380-89BD-4b04-88EB-625FBE52EBFB}</UniqueIdentifier>
      <Extensions>h;hh;hpp;hxx;hm;inl;inc;xsd</Extensions>
    </Filter>
    <Filter Include="Файлы ресурсов">
      <UniqueIdentifier>{67DA6AB6-F800-4c08-8B7A-83BB121AAD01}</UniqueIdentifier>
      <Extensions>rc;ico;cur;bmp;dlg;rc2;rct;bin;rgs;gif;jpg;jpeg;jpe;resx;tiff;tif;png;wav;mfcribbon-ms</Extensions>
    </Filter>
  </ItemGroup>
  <ItemGroup>
    <ClInclude Include="stdafx.h">
      <Filter>Файлы заголовков</Filter>
    </ClInclude>
    <ClInclude Include="targetver.h">
      <Filter>Файлы заголовков</Filter>
    </ClInclude>
    <ClInclude Include="..\extern\D3D9Proxy-master\d3d9.h">
      <Filter>Файлы заголовков</Filter>
    </ClInclude>
    <ClInclude Include="..\extern\D3D9Proxy-master\d3dx9.h">
      <Filter>Файлы заголовков</Filter>
    </ClInclude>
    <ClInclude Include="..\extern\D3D9Proxy-master\defines.h">
      <Filter>Файлы заголовков</Filter>
    </ClInclude>
    <ClInclude Include="IDirect3D9Proxy.h">
      <Filter>Файлы заголовков</Filter>
    </ClInclude>
    <ClInclude Include="IDirect3DDevice9Proxy.h">
      <Filter>Файлы заголовков</Filter>
    </ClInclude>
    <ClInclude Include="d3d9_proxy_dll.h">
      <Filter>Файлы заголовков</Filter>
    </ClInclude>
    <ClInclude Include="frame_analyzer.h">
      <Filter>Файлы заголовков</Filter>
    </ClInclude>
    <ClInclude Include="d912pxy_device.h">
      <Filter>Файлы заголовков</Filter>
    </ClInclude>
    <ClInclude Include="d912pxy_helper.h">
      <Filter>Файлы заголовков</Filter>
    </ClInclude>
    <ClInclude Include="d912pxy_swapchain.h">
      <Filter>Файлы заголовков</Filter>
    </ClInclude>
    <ClInclude Include="d912pxy_resource.h">
      <Filter>Файлы заголовков</Filter>
    </ClInclude>
    <ClInclude Include="d912pxy_comhandler.h">
      <Filter>Файлы заголовков</Filter>
    </ClInclude>
    <ClInclude Include="d912pxy_basetexture.h">
      <Filter>Файлы заголовков</Filter>
    </ClInclude>
    <ClInclude Include="d912pxy_texture.h">
      <Filter>Файлы заголовков</Filter>
    </ClInclude>
    <ClInclude Include="d912pxy_vtexture.h">
      <Filter>Файлы заголовков</Filter>
    </ClInclude>
    <ClInclude Include="d912pxy_ctexture.h">
      <Filter>Файлы заголовков</Filter>
    </ClInclude>
    <ClInclude Include="d912pxy_vbuf.h">
      <Filter>Файлы заголовков</Filter>
    </ClInclude>
    <ClInclude Include="d912pxy_ibuf.h">
      <Filter>Файлы заголовков</Filter>
    </ClInclude>
    <ClInclude Include="d912pxy_surface.h">
      <Filter>Файлы заголовков</Filter>
    </ClInclude>
    <ClInclude Include="d912pxy_sblock.h">
      <Filter>Файлы заголовков</Filter>
    </ClInclude>
    <ClInclude Include="d912pxy_vdecl.h">
      <Filter>Файлы заголовков</Filter>
    </ClInclude>
    <ClInclude Include="d912pxy_shader.h">
      <Filter>Файлы заголовков</Filter>
    </ClInclude>
    <ClInclude Include="d912pxy_vshader.h">
      <Filter>Файлы заголовков</Filter>
    </ClInclude>
    <ClInclude Include="d912pxy_pshader.h">
      <Filter>Файлы заголовков</Filter>
    </ClInclude>
    <ClInclude Include="d912pxy_query.h">
      <Filter>Файлы заголовков</Filter>
    </ClInclude>
    <ClInclude Include="d912pxy_dheap.h">
      <Filter>Файлы заголовков</Filter>
    </ClInclude>
    <ClInclude Include="d912pxy_noncom.h">
      <Filter>Файлы заголовков</Filter>
    </ClInclude>
    <ClInclude Include="d912pxy_fwdecl.h">
      <Filter>Файлы заголовков</Filter>
    </ClInclude>
    <ClInclude Include="dbg_imagewriter.h">
      <Filter>Файлы заголовков</Filter>
    </ClInclude>
    <ClInclude Include="d912pxy_shader_replacer.h">
      <Filter>Файлы заголовков</Filter>
    </ClInclude>
    <ClInclude Include="d912pxy_cbuffer.h">
      <Filter>Файлы заголовков</Filter>
    </ClInclude>
    <ClInclude Include="d912pxy_batch.h">
      <Filter>Файлы заголовков</Filter>
    </ClInclude>
    <ClInclude Include="stopwatch.h">
      <Filter>Файлы заголовков</Filter>
    </ClInclude>
    <ClInclude Include="d912pxy_memtree.h">
      <Filter>Файлы заголовков</Filter>
    </ClInclude>
    <ClInclude Include="d912pxy_sampler_cache.h">
      <Filter>Файлы заголовков</Filter>
    </ClInclude>
    <ClInclude Include="d912pxy_gpu_que.h">
      <Filter>Файлы заголовков</Filter>
    </ClInclude>
    <ClInclude Include="d912pxy_ringbuffer.h">
      <Filter>Файлы заголовков</Filter>
    </ClInclude>
    <ClInclude Include="d912pxy_gpu_cmd_list.h">
      <Filter>Файлы заголовков</Filter>
    </ClInclude>
    <ClInclude Include="d912pxy_iframe.h">
      <Filter>Файлы заголовков</Filter>
    </ClInclude>
    <ClInclude Include="d912pxy_pso_cache.h">
      <Filter>Файлы заголовков</Filter>
    </ClInclude>
    <ClInclude Include="d912pxy_texstage_cache.h">
      <Filter>Файлы заголовков</Filter>
    </ClInclude>
    <ClInclude Include="d912pxy_texture_loader.h">
      <Filter>Файлы заголовков</Filter>
    </ClInclude>
    <ClInclude Include="d912pxy_thread.h">
      <Filter>Файлы заголовков</Filter>
    </ClInclude>
    <ClInclude Include="d912pxy_buffer_loader.h">
      <Filter>Файлы заголовков</Filter>
    </ClInclude>
    <ClInclude Include="d912pxy_replay.h">
      <Filter>Файлы заголовков</Filter>
    </ClInclude>
    <ClInclude Include="d912pxy_replay_thread.h">
      <Filter>Файлы заголовков</Filter>
    </ClInclude>
    <ClInclude Include="d912pxy_shader_db.h">
      <Filter>Файлы заголовков</Filter>
    </ClInclude>
    <ClInclude Include="d912pxy_shader_pair.h">
      <Filter>Файлы заголовков</Filter>
    </ClInclude>
    <ClInclude Include="d912pxy_hlsl_generator.h">
      <Filter>Файлы заголовков</Filter>
    </ClInclude>
    <ClInclude Include="d912pxy_memtree2.h">
      <Filter>Файлы заголовков</Filter>
    </ClInclude>
    <ClInclude Include="d912pxy_gpu_cleanup_thread.h">
      <Filter>Файлы заголовков</Filter>
    </ClInclude>
    <ClInclude Include="d912pxy_upload_pool.h">
      <Filter>Файлы заголовков</Filter>
    </ClInclude>
    <ClInclude Include="d912pxy_vstream.h">
      <Filter>Файлы заголовков</Filter>
    </ClInclude>
    <ClInclude Include="d912pxy_vstream_pool.h">
      <Filter>Файлы заголовков</Filter>
    </ClInclude>
    <ClInclude Include="d912pxy_surface_pool.h">
      <Filter>Файлы заголовков</Filter>
    </ClInclude>
    <ClInclude Include="d912pxy_cleanup_thread.h">
      <Filter>Файлы заголовков</Filter>
    </ClInclude>
    <ClInclude Include="d912pxy_linked_list.h">
      <Filter>Файлы заголовков</Filter>
    </ClInclude>
    <ClInclude Include="d912pxy_surface_layer.h">
      <Filter>Файлы заголовков</Filter>
    </ClInclude>
    <ClInclude Include="d912pxy_pool.h">
      <Filter>Файлы заголовков</Filter>
    </ClInclude>
    <ClInclude Include="d912pxy_pool_memcat.h">
      <Filter>Файлы заголовков</Filter>
    </ClInclude>
    <ClInclude Include="d912pxy_vfs.h">
      <Filter>Файлы заголовков</Filter>
    </ClInclude>
    <ClInclude Include="stb_image.h">
      <Filter>Файлы заголовков</Filter>
    </ClInclude>
    <ClInclude Include="d912pxy_performance_graph.h">
      <Filter>Файлы заголовков</Filter>
    </ClInclude>
  </ItemGroup>
  <ItemGroup>
    <ClCompile Include="stdafx.cpp">
      <Filter>Исходные файлы</Filter>
    </ClCompile>
    <ClCompile Include="frame_analyzer.cpp">
      <Filter>Исходные файлы</Filter>
    </ClCompile>
    <ClCompile Include="dllmain.cpp">
      <Filter>Исходные файлы</Filter>
    </ClCompile>
    <ClCompile Include="d3d9_proxy_dll.cpp">
      <Filter>Исходные файлы</Filter>
    </ClCompile>
    <ClCompile Include="IDirect3D9Proxy.cpp">
      <Filter>Исходные файлы</Filter>
    </ClCompile>
    <ClCompile Include="IDirect3DDevice9Proxy.cpp">
      <Filter>Исходные файлы</Filter>
    </ClCompile>
    <ClCompile Include="d912pxy_device.cpp">
      <Filter>Исходные файлы</Filter>
    </ClCompile>
    <ClCompile Include="d912pxy_helper.cpp">
      <Filter>Исходные файлы</Filter>
    </ClCompile>
    <ClCompile Include="d912pxy_swapchain.cpp">
      <Filter>Исходные файлы</Filter>
    </ClCompile>
    <ClCompile Include="d912pxy_resource.cpp">
      <Filter>Исходные файлы</Filter>
    </ClCompile>
    <ClCompile Include="d912pxy_comhandler.cpp">
      <Filter>Исходные файлы</Filter>
    </ClCompile>
    <ClCompile Include="d912pxy_basetexture.cpp">
      <Filter>Исходные файлы</Filter>
    </ClCompile>
    <ClCompile Include="d912pxy_texture.cpp">
      <Filter>Исходные файлы</Filter>
    </ClCompile>
    <ClCompile Include="d912pxy_vtexture.cpp">
      <Filter>Исходные файлы</Filter>
    </ClCompile>
    <ClCompile Include="d912pxy_ctexture.cpp">
      <Filter>Исходные файлы</Filter>
    </ClCompile>
    <ClCompile Include="d912pxy_vbuf.cpp">
      <Filter>Исходные файлы</Filter>
    </ClCompile>
    <ClCompile Include="d912pxy_ibuf.cpp">
      <Filter>Исходные файлы</Filter>
    </ClCompile>
    <ClCompile Include="d912pxy_surface.cpp">
      <Filter>Исходные файлы</Filter>
    </ClCompile>
    <ClCompile Include="d912pxy_sblock.cpp">
      <Filter>Исходные файлы</Filter>
    </ClCompile>
    <ClCompile Include="d912pxy_vdecl.cpp">
      <Filter>Исходные файлы</Filter>
    </ClCompile>
    <ClCompile Include="d912pxy_shader.cpp">
      <Filter>Исходные файлы</Filter>
    </ClCompile>
    <ClCompile Include="d912pxy_vshader.cpp">
      <Filter>Исходные файлы</Filter>
    </ClCompile>
    <ClCompile Include="d912pxy_pshader.cpp">
      <Filter>Исходные файлы</Filter>
    </ClCompile>
    <ClCompile Include="d912pxy_query.cpp">
      <Filter>Исходные файлы</Filter>
    </ClCompile>
    <ClCompile Include="d912pxy_dheap.cpp">
      <Filter>Исходные файлы</Filter>
    </ClCompile>
    <ClCompile Include="d912pxy_noncom.cpp">
      <Filter>Исходные файлы</Filter>
    </ClCompile>
    <ClCompile Include="dbg_imagewriter.cpp">
      <Filter>Исходные файлы</Filter>
    </ClCompile>
    <ClCompile Include="d912pxy_shader_replacer.cpp">
      <Filter>Исходные файлы</Filter>
    </ClCompile>
    <ClCompile Include="d912pxy_cbuffer.cpp">
      <Filter>Исходные файлы</Filter>
    </ClCompile>
    <ClCompile Include="d912pxy_batch.cpp">
      <Filter>Исходные файлы</Filter>
    </ClCompile>
    <ClCompile Include="d912pxy_memtree.cpp">
      <Filter>Исходные файлы</Filter>
    </ClCompile>
    <ClCompile Include="d912pxy_sampler_cache.cpp">
      <Filter>Исходные файлы</Filter>
    </ClCompile>
    <ClCompile Include="d912pxy_gpu_que.cpp">
      <Filter>Исходные файлы</Filter>
    </ClCompile>
    <ClCompile Include="d912pxy_ringbuffer.cpp">
      <Filter>Исходные файлы</Filter>
    </ClCompile>
    <ClCompile Include="d912pxy_gpu_cmd_list.cpp">
      <Filter>Исходные файлы</Filter>
    </ClCompile>
    <ClCompile Include="d912pxy_iframe.cpp">
      <Filter>Исходные файлы</Filter>
    </ClCompile>
    <ClCompile Include="d912pxy_pso_cache.cpp">
      <Filter>Исходные файлы</Filter>
    </ClCompile>
    <ClCompile Include="d912pxy_texstage_cache.cpp">
      <Filter>Исходные файлы</Filter>
    </ClCompile>
    <ClCompile Include="d912pxy_texture_loader.cpp">
      <Filter>Исходные файлы</Filter>
    </ClCompile>
    <ClCompile Include="d912pxy_thread.cpp">
      <Filter>Исходные файлы</Filter>
    </ClCompile>
    <ClCompile Include="d912pxy_buffer_loader.cpp">
      <Filter>Исходные файлы</Filter>
    </ClCompile>
    <ClCompile Include="d912pxy_replay.cpp">
      <Filter>Исходные файлы</Filter>
    </ClCompile>
    <ClCompile Include="d912pxy_replay_thread.cpp">
      <Filter>Исходные файлы</Filter>
    </ClCompile>
    <ClCompile Include="d912pxy_shader_db.cpp">
      <Filter>Исходные файлы</Filter>
    </ClCompile>
    <ClCompile Include="d912pxy_shader_pair.cpp">
      <Filter>Исходные файлы</Filter>
    </ClCompile>
    <ClCompile Include="d912pxy_hlsl_generator.cpp">
      <Filter>Исходные файлы</Filter>
    </ClCompile>
    <ClCompile Include="d912pxy_memtree2.cpp">
      <Filter>Исходные файлы</Filter>
    </ClCompile>
    <ClCompile Include="d912pxy_gpu_cleanup_thread.cpp">
      <Filter>Исходные файлы</Filter>
    </ClCompile>
    <ClCompile Include="d912pxy_upload_pool.cpp">
      <Filter>Исходные файлы</Filter>
    </ClCompile>
    <ClCompile Include="d912pxy_vstream.cpp">
      <Filter>Исходные файлы</Filter>
    </ClCompile>
    <ClCompile Include="d912pxy_vstream_pool.cpp">
      <Filter>Исходные файлы</Filter>
    </ClCompile>
    <ClCompile Include="d912pxy_surface_pool.cpp">
      <Filter>Исходные файлы</Filter>
    </ClCompile>
    <ClCompile Include="d912pxy_cleanup_thread.cpp">
      <Filter>Исходные файлы</Filter>
    </ClCompile>
    <ClCompile Include="d912pxy_linked_list.cpp">
      <Filter>Исходные файлы</Filter>
    </ClCompile>
    <ClCompile Include="d912pxy_fwdecl.cpp">
      <Filter>Исходные файлы</Filter>
    </ClCompile>
    <ClCompile Include="d912pxy_surface_layer.cpp">
      <Filter>Исходные файлы</Filter>
    </ClCompile>
    <ClCompile Include="d912pxy_pool.cpp">
      <Filter>Исходные файлы</Filter>
    </ClCompile>
    <ClCompile Include="d912pxy_pool_memcat.cpp">
      <Filter>Исходные файлы</Filter>
    </ClCompile>
    <ClCompile Include="d912pxy_vfs.cpp">
      <Filter>Исходные файлы</Filter>
    </ClCompile>
    <ClCompile Include="stb_image.cpp">
      <Filter>Исходные файлы</Filter>
    </ClCompile>
    <ClCompile Include="d912pxy_performance_graph.cpp">
      <Filter>Исходные файлы</Filter>
    </ClCompile>
  </ItemGroup>
  <ItemGroup>
    <None Include="deffile" />
  </ItemGroup>
</Project>